Microsoft Visual Studio Solution File, Format Version 11.00
# Visual Studio 2010
Project("{FAE04EC0-301F-11D3-BF4B-00C04F79EFBC}") = "CircularMenu", "CircularMenu.csproj", "{3CCE5DDC-F9F5-408B-B1B8-A456F0FC698F}"
EndProject
Project("{FAE04EC0-301F-11D3-BF4B-00C04F79EFBC}") = "PixelEffects", "..\PixelEffects\PixelEffects.csproj", "{AEF08EC3-DBCC-44B7-8C8C-23A764E48127}"
EndProject
Project("{54435603-DBB4-11D2-8724-00A0C9A8B90C}") = "Installer", "..\Installer\Installer.vdproj", "{0B68EBF9-D06B-435E-A9E7-4A308F6BDE57}"
EndProject
Project("{FAE04EC0-301F-11D3-BF4B-00C04F79EFBC}") = "Tutorial1", "..\Circular Menu Tutorials\Tutorial1\Tutorial1.csproj", "{CD2A2C45-DA13-4CF3-9E9B-1B4ADDD15BCD}"
EndProject
Global
	GlobalSection(SolutionConfigurationPlatforms) = preSolution
		Debug|Any CPU = Debug|Any CPU
		Release|Any CPU = Release|Any CPU
	EndGlobalSection
	GlobalSection(ProjectConfigurationPlatforms) = postSolution
		{3CCE5DDC-F9F5-408B-B1B8-A456F0FC698F}.Debug|Any CPU.ActiveCfg = Debug|Any CPU
		{3CCE5DDC-F9F5-408B-B1B8-A456F0FC698F}.Debug|Any CPU.Build.0 = Debug|Any CPU
		{3CCE5DDC-F9F5-408B-B1B8-A456F0FC698F}.Release|Any CPU.ActiveCfg = Release|Any CPU
		{3CCE5DDC-F9F5-408B-B1B8-A456F0FC698F}.Release|Any CPU.Build.0 = Release|Any CPU
		{AEF08EC3-DBCC-44B7-8C8C-23A764E48127}.Debug|Any CPU.ActiveCfg = Debug|Any CPU
		{AEF08EC3-DBCC-44B7-8C8C-23A764E48127}.Debug|Any CPU.Build.0 = Debug|Any CPU
		{AEF08EC3-DBCC-44B7-8C8C-23A764E48127}.Release|Any CPU.ActiveCfg = Release|Any CPU
		{AEF08EC3-DBCC-44B7-8C8C-23A764E48127}.Release|Any CPU.Build.0 = Release|Any CPU
		{0B68EBF9-D06B-435E-A9E7-4A308F6BDE57}.Debug|Any CPU.ActiveCfg = Debug
		{0B68EBF9-D06B-435E-A9E7-4A308F6BDE57}.Release|Any CPU.ActiveCfg = Release
		{CD2A2C45-DA13-4CF3-9E9B-1B4ADDD15BCD}.Debug|Any CPU.ActiveCfg = Debug|Any CPU
		{CD2A2C45-DA13-4CF3-9E9B-1B4ADDD15BCD}.Debug|Any CPU.Build.0 = Debug|Any CPU
		{CD2A2C45-DA13-4CF3-9E9B-1B4ADDD15BCD}.Release|Any CPU.ActiveCfg = Release|Any CPU
		{CD2A2C45-DA13-4CF3-9E9B-1B4ADDD15BCD}.Release|Any CPU.Build.0 = Release|Any CPU
	EndGlobalSection
	GlobalSection(SolutionProperties) = preSolution
		HideSolutionNode = FALSE
	EndGlobalSection
EndGlobal
